
Microsoft Visual Studio Solution File, Format Version 12.00
# Visual Studio Version 17
VisualStudioVersion = 17.9.34728.123
MinimumVisualStudioVersion = 10.0.40219.1
Project("{9A19103F-16F7-4668-BE54-9A1E7A4F7556}") = "PlatformInterop", "PlatformInterop\PlatformInterop.csproj", "{032E0558-2686-412C-A992-928EBEEF3E69}"
EndProject
Project("{9A19103F-16F7-4668-BE54-9A1E7A4F7556}") = "PlatformInterop.Console.Server", "PlatformInterop.Console.Server\PlatformInterop.Console.Server.csproj", "{D950C571-BC6B-4F49-A87A-8FE4D9ADB38B}"
EndProject
Project("{9A19103F-16F7-4668-BE54-9A1E7A4F7556}") = "PlatformInterop.Console", "PlatformInterop.Console\PlatformInterop.Console.csproj", "{E05EDE64-7FF1-409D-B472-57C33849B6F6}"
EndProject
Project("{FAE04EC0-301F-11D3-BF4B-00C04F79EFBC}") = "PlatformInterop.Console.Shared", "PlatformInterop.Console.Shared\PlatformInterop.Console.Shared.csproj", "{FE6C5002-50F9-4C50-B5AC-2ABCA9C9C789}"
EndProject
Global
	GlobalSection(SolutionConfigurationPlatforms) = preSolution
		Debug|Any CPU = Debug|Any CPU
		Release|Any CPU = Release|Any CPU
	EndGlobalSection
	GlobalSection(ProjectConfigurationPlatforms) = postSolution
		{032E0558-2686-412C-A992-928EBEEF3E69}.Debug|Any CPU.ActiveCfg = Debug|Any CPU
		{032E0558-2686-412C-A992-928EBEEF3E69}.Debug|Any CPU.Build.0 = Debug|Any CPU
		{032E0558-2686-412C-A992-928EBEEF3E69}.Release|Any CPU.ActiveCfg = Release|Any CPU
		{032E0558-2686-412C-A992-928EBEEF3E69}.Release|Any CPU.Build.0 = Release|Any CPU
		{D950C571-BC6B-4F49-A87A-8FE4D9ADB38B}.Debug|Any CPU.ActiveCfg = Debug|Any CPU
		{D950C571-BC6B-4F49-A87A-8FE4D9ADB38B}.Debug|Any CPU.Build.0 = Debug|Any CPU
		{D950C571-BC6B-4F49-A87A-8FE4D9ADB38B}.Release|Any CPU.ActiveCfg = Release|Any CPU
		{D950C571-BC6B-4F49-A87A-8FE4D9ADB38B}.Release|Any CPU.Build.0 = Release|Any CPU
		{E05EDE64-7FF1-409D-B472-57C33849B6F6}.Debug|Any CPU.ActiveCfg = Debug|Any CPU
		{E05EDE64-7FF1-409D-B472-57C33849B6F6}.Debug|Any CPU.Build.0 = Debug|Any CPU
		{E05EDE64-7FF1-409D-B472-57C33849B6F6}.Release|Any CPU.ActiveCfg = Release|Any CPU
		{E05EDE64-7FF1-409D-B472-57C33849B6F6}.Release|Any CPU.Build.0 = Release|Any CPU
		{FE6C5002-50F9-4C50-B5AC-2ABCA9C9C789}.Debug|Any CPU.ActiveCfg = Debug|Any CPU
		{FE6C5002-50F9-4C50-B5AC-2ABCA9C9C789}.Debug|Any CPU.Build.0 = Debug|Any CPU
		{FE6C5002-50F9-4C50-B5AC-2ABCA9C9C789}.Release|Any CPU.ActiveCfg = Release|Any CPU
		{FE6C5002-50F9-4C50-B5AC-2ABCA9C9C789}.Release|Any CPU.Build.0 = Release|Any CPU
	EndGlobalSection
	GlobalSection(SolutionProperties) = preSolution
		HideSolutionNode = FALSE
	EndGlobalSection
	GlobalSection(ExtensibilityGlobals) = postSolution
		SolutionGuid = {11D62211-05B2-4942-BD02-06ABDAD014A0}
	EndGlobalSection
EndGlobal
